PODS:
  - Reusable (4.0.7):
    - Reusable/Storyboard (= 4.0.7)
    - Reusable/View (= 4.0.7)
  - Reusable/Storyboard (4.0.7)
  - Reusable/View (4.0.7)

DEPENDENCIES:
  - Reusable (from `../`)

EXTERNAL SOURCES:
  Reusable:
    :path: "../"

SPEC CHECKSUMS:
  Reusable: fd3bd78e3367482b6f97538f27f0f03cc59c8e76

PODFILE CHECKSUM: 2e4cfd412f90711e15fcfa281c33e3b31f1e90b8

COCOAPODS: 1.6.1
